// !$*UTF8*$!
{
	archiveVersion = 1;
	classes = {
	};
	objectVersion = 50;
	objects = {

/* Begin PBXBuildFile section */
		3D20AD2F28E341F3005C2CF5 /* DetallesAlumnoController.swift in Sources */ = {isa = PBXBuildFile; fileRef = 3D20AD2E28E341F3005C2CF5 /* DetallesAlumnoController.swift */; };
		3D20AD3128E34E6D005C2CF5 /* Materia.swift in Sources */ = {isa = PBXBuildFile; fileRef = 3D20AD3028E34E6D005C2CF5 /* Materia.swift */; };
		3D20AD3528E34FFD005C2CF5 /* CeldaMateriaController.swift in Sources */ = {isa = PBXBuildFile; fileRef = 3D20AD3428E34FFD005C2CF5 /* CeldaMateriaController.swift */; };
		3D2851DB28DCB16D00DC51AA /* AppDelegate.swift in Sources */ = {isa = PBXBuildFile; fileRef = 3D2851DA28DCB16D00DC51AA /* AppDelegate.swift */; };
		3D2851E028DCB16D00DC51AA /* Main.storyboard in Resources */ = {isa = PBXBuildFile; fileRef = 3D2851DE28DCB16D00DC51AA /* Main.storyboard */; };
		3D2851E228DCB16F00DC51AA /* Assets.xcassets in Resources */ = {isa = PBXBuildFile; fileRef = 3D2851E128DCB16F00DC51AA /* Assets.xcassets */; };
		3D2851E528DCB16F00DC51AA /* LaunchScreen.storyboard in Resources */ = {isa = PBXBuildFile; fileRef = 3D2851E328DCB16F00DC51AA /* LaunchScreen.storyboard */; };
		3D2851ED28DCB1D900DC51AA /* Alumno.swift in Sources */ = {isa = PBXBuildFile; fileRef = 3D2851EC28DCB1D900DC51AA /* Alumno.swift */; };
		3D2851EF28DCB35300DC51AA /* CeldaAlumnoController.swift in Sources */ = {isa = PBXBuildFile; fileRef = 3D2851EE28DCB35300DC51AA /* CeldaAlumnoController.swift */; };
		3D2851F128DCB46F00DC51AA /* AlumnoController.swift in Sources */ = {isa = PBXBuildFile; fileRef = 3D2851F028DCB46F00DC51AA /* AlumnoController.swift */; };
/* End PBXBuildFile section */

/* Begin PBXFileReference section */
		3D20AD2E28E341F3005C2CF5 /* DetallesAlumnoController.swift */ = {isa = PBXFileReference; lastKnownFileType = sourcecode.swift; path = DetallesAlumnoController.swift; sourceTree = "<group>"; };
		3D20AD3028E34E6D005C2CF5 /* Materia.swift */ = {isa = PBXFileReference; lastKnownFileType = sourcecode.swift; path = Materia.swift; sourceTree = "<group>"; };
		3D20AD3428E34FFD005C2CF5 /* CeldaMateriaController.swift */ = {isa = PBXFileReference; lastKnownFileType = sourcecode.swift; path = CeldaMateriaController.swift; sourceTree = "<group>"; };
		3D2851D728DCB16D00DC51AA /* EjNavigation Controller.app */ = {isa = PBXFileReference; explicitFileType = wrapper.application; includeInIndex = 0; path = "EjNavigation Controller.app"; sourceTree = BUILT_PRODUCTS_DIR; };
		3D2851DA28DCB16D00DC51AA /* AppDelegate.swift */ = {isa = PBXFileReference; lastKnownFileType = sourcecode.swift; path = AppDelegate.swift; sourceTree = "<group>"; };
		3D2851DF28DCB16D00DC51AA /* Base */ = {isa = PBXFileReference; lastKnownFileType = file.storyboard; name = Base; path = Base.lproj/Main.storyboard; sourceTree = "<group>"; };
		3D2851E128DCB16F00DC51AA /* Assets.xcassets */ = {isa = PBXFileReference; lastKnownFileType = folder.assetcatalog; path = Assets.xcassets; sourceTree = "<group>"; };
		3D2851E428DCB16F00DC51AA /* Base */ = {isa = PBXFileReference; lastKnownFileType = file.storyboard; name = Base; path = Base.lproj/LaunchScreen.storyboard; sourceTree = "<group>"; };
		3D2851E628DCB16F00DC51AA /* Info.plist */ = {isa = PBXFileReference; lastKnownFileType = text.plist.xml; path = Info.plist; sourceTree = "<group>"; };
		3D2851EC28DCB1D900DC51AA /* Alumno.swift */ = {isa = PBXFileReference; lastKnownFileType = sourcecode.swift; path = Alumno.swift; sourceTree = "<group>"; };
		3D2851EE28DCB35300DC51AA /* CeldaAlumnoController.swift */ = {isa = PBXFileReference; lastKnownFileType = sourcecode.swift; path = CeldaAlumnoController.swift; sourceTree = "<group>"; };
		3D2851F028DCB46F00DC51AA /* AlumnoController.swift */ = {isa = PBXFileReference; lastKnownFileType = sourcecode.swift; path = AlumnoController.swift; sourceTree = "<group>"; };
/* End PBXFileReference section */

/* Begin PBXFrameworksBuildPhase section */
		3D2851D428DCB16D00DC51AA /* Frameworks */ = {
			isa = PBXFrameworksBuildPhase;
			buildActionMask = 2147483647;
			files = (
			);
			runOnlyForDeploymentPostprocessing = 0;
		};
/* End PBXFrameworksBuildPhase section */

/* Begin PBXGroup section */
		3D2851CE28DCB16D00DC51AA = {
			isa = PBXGroup;
			children = (
				3D2851D928DCB16D00DC51AA /* EjNavigation Controller */,
				3D2851D828DCB16D00DC51AA /* Products */,
			);
			sourceTree = "<group>";
		};
		3D2851D828DCB16D00DC51AA /* Products */ = {
			isa = PBXGroup;
			children = (
				3D2851D728DCB16D00DC51AA /* EjNavigation Controller.app */,
			);
			name = Products;
			sourceTree = "<group>";
		};
		3D2851D928DCB16D00DC51AA /* EjNavigation Controller */ = {
			isa = PBXGroup;
			children = (
				3D2851DA28DCB16D00DC51AA /* AppDelegate.swift */,
				3D2851DE28DCB16D00DC51AA /* Main.storyboard */,
				3D2851E128DCB16F00DC51AA /* Assets.xcassets */,
				3D2851E328DCB16F00DC51AA /* LaunchScreen.storyboard */,
				3D2851E628DCB16F00DC51AA /* Info.plist */,
				3D2851EC28DCB1D900DC51AA /* Alumno.swift */,
				3D2851EE28DCB35300DC51AA /* CeldaAlumnoController.swift */,
				3D2851F028DCB46F00DC51AA /* AlumnoController.swift */,
				3D20AD2E28E341F3005C2CF5 /* DetallesAlumnoController.swift */,
				3D20AD3028E34E6D005C2CF5 /* Materia.swift */,
				3D20AD3428E34FFD005C2CF5 /* CeldaMateriaController.swift */,
			);
			path = "EjNavigation Controller";
			sourceTree = "<group>";
		};
/* End PBXGroup section */

/* Begin PBXNativeTarget section */
		3D2851D628DCB16D00DC51AA /* EjNavigation Controller */ = {
			isa = PBXNativeTarget;
			buildConfigurationList = 3D2851E928DCB16F00DC51AA /* Build configuration list for PBXNativeTarget "EjNavigation Controller" */;
			buildPhases = (
				3D2851D328DCB16D00DC51AA /* Sources */,
				3D2851D428DCB16D00DC51AA /* Frameworks */,
				3D2851D528DCB16D00DC51AA /* Resources */,
			);
			buildRules = (
			);
			dependencies = (
			);
			name = "EjNavigation Controller";
			productName = "EjNavigation Controller";
			productReference = 3D2851D728DCB16D00DC51AA /* EjNavigation Controller.app */;
			productType = "com.apple.product-type.application";
		};
/* End PBXNativeTarget section */

/* Begin PBXProject section */
		3D2851CF28DCB16D00DC51AA /* Project object */ = {
			isa = PBXProject;
			attributes = {
				LastSwiftUpdateCheck = 0940;
				LastUpgradeCheck = 0940;
				ORGANIZATIONNAME = ULSA;
				TargetAttributes = {
					3D2851D628DCB16D00DC51AA = {
						CreatedOnToolsVersion = 9.4.1;
					};
				};
			};
			buildConfigurationList = 3D2851D228DCB16D00DC51AA /* Build configuration list for PBXProject "EjNavigation Controller" */;
			compatibilityVersion = "Xcode 9.3";
			developmentRegion = en;
			hasScannedForEncodings = 0;
			knownRegions = (
				en,
				Base,
			);
			mainGroup = 3D2851CE28DCB16D00DC51AA;
			productRefGroup = 3D2851D828DCB16D00DC51AA /* Products */;
			projectDirPath = "";
			projectRoot = "";
			targets = (
				3D2851D628DCB16D00DC51AA /* EjNavigation Controller */,
			);
		};
/* End PBXProject section */

/* Begin PBXResourcesBuildPhase section */
		3D2851D528DCB16D00DC51AA /* Resources */ = {
			isa = PBXResourcesBuildPhase;
			buildActionMask = 2147483647;
			files = (
				3D2851E528DCB16F00DC51AA /* LaunchScreen.storyboard in Resources */,
				3D2851E228DCB16F00DC51AA /* Assets.xcassets in Resources */,
				3D2851E028DCB16D00DC51AA /* Main.storyboard in Resources */,
			);
			runOnlyForDeploymentPostprocessing = 0;
		};
/* End PBXResourcesBuildPhase section */

/* Begin PBXSourcesBuildPhase section */
		3D2851D328DCB16D00DC51AA /* Sources */ = {
			isa = PBXSourcesBuildPhase;
			buildActionMask = 2147483647;
			files = (
				3D20AD2F28E341F3005C2CF5 /* DetallesAlumnoController.swift in Sources */,
				3D2851EF28DCB35300DC51AA /* CeldaAlumnoController.swift in Sources */,
				3D2851F128DCB46F00DC51AA /* AlumnoController.swift in Sources */,
				3D2851ED28DCB1D900DC51AA /* Alumno.swift in Sources */,
				3D2851DB28DCB16D00DC51AA /* AppDelegate.swift in Sources */,
				3D20AD3128E34E6D005C2CF5 /* Materia.swift in Sources */,
				3D20AD3528E34FFD005C2CF5 /* CeldaMateriaController.swift in Sources */,
			);
			runOnlyForDeploymentPostprocessing = 0;
		};
/* End PBXSourcesBuildPhase section */

/* Begin PBXVariantGroup section */
		3D2851DE28DCB16D00DC51AA /* Main.storyboard */ = {
			isa = PBXVariantGroup;
			children = (
				3D2851DF28DCB16D00DC51AA /* Base */,
			);
			name = Main.storyboard;
			sourceTree = "<group>";
		};
		3D2851E328DCB16F00DC51AA /* LaunchScreen.storyboard */ = {
			isa = PBXVariantGroup;
			children = (
				3D2851E428DCB16F00DC51AA /* Base */,
			);
			name = LaunchScreen.storyboard;
			sourceTree = "<group>";
		};
/* End PBXVariantGroup section */

/* Begin XCBuildConfiguration section */
		3D2851E728DCB16F00DC51AA /* Debug */ = {
			isa = XCBuildConfiguration;
			buildSettings = {
				ALWAYS_SEARCH_USER_PATHS = NO;
				CLANG_ANALYZER_NONNULL = YES;
				CLANG_ANALYZER_NUMBER_OBJECT_CONVERSION = YES_AGGRESSIVE;
				CLANG_CXX_LANGUAGE_STANDARD = "gnu++14";
				CLANG_CXX_LIBRARY = "libc++";
				CLANG_ENABLE_MODULES = YES;
				CLANG_ENABLE_OBJC_ARC = YES;
				CLANG_ENABLE_OBJC_WEAK = YES;
				CLANG_WARN_BLOCK_CAPTURE_AUTORELEASING = YES;
				CLANG_WARN_BOOL_CONVERSION = YES;
				CLANG_WARN_COMMA = YES;
				CLANG_WARN_CONSTANT_CONVERSION = YES;
				CLANG_WARN_DEPRECATED_OBJC_IMPLEMENTATIONS = YES;
				CLANG_WARN_DIRECT_OBJC_ISA_USAGE = YES_ERROR;
				CLANG_WARN_DOCUMENTATION_COMMENTS = YES;
				CLANG_WARN_EMPTY_BODY = YES;
				CLANG_WARN_ENUM_CONVERSION = YES;
				CLANG_WARN_INFINITE_RECURSION = YES;
				CLANG_WARN_INT_CONVERSION = YES;
				CLANG_WARN_NON_LITERAL_NULL_CONVERSION = YES;
				CLANG_WARN_OBJC_IMPLICIT_RETAIN_SELF = YES;
				CLANG_WARN_OBJC_LITERAL_CONVERSION = YES;
				CLANG_WARN_OBJC_ROOT_CLASS = YES_ERROR;
				CLANG_WARN_RANGE_LOOP_ANALYSIS = YES;
				CLANG_WARN_STRICT_PROTOTYPES = YES;
				CLANG_WARN_SUSPICIOUS_MOVE = YES;
				CLANG_WARN_UNGUARDED_AVAILABILITY = YES_AGGRESSIVE;
				CLANG_WARN_UNREACHABLE_CODE = YES;
				CLANG_WARN__DUPLICATE_METHOD_MATCH = YES;
				CODE_SIGN_IDENTITY = "iPhone Developer";
				COPY_PHASE_STRIP = NO;
				DEBUG_INFORMATION_FORMAT = dwarf;
				ENABLE_STRICT_OBJC_MSGSEND = YES;
				ENABLE_TESTABILITY = YES;
				GCC_C_LANGUAGE_STANDARD = gnu11;
				GCC_DYNAMIC_NO_PIC = NO;
				GCC_NO_COMMON_BLOCKS = YES;
				GCC_OPTIMIZATION_LEVEL = 0;
				GCC_PREPROCESSOR_DEFINITIONS = (
					"DEBUG=1",
					"$(inherited)",
				);
				GCC_WARN_64_TO_32_BIT_CONVERSION = YES;
				GCC_WARN_ABOUT_RETURN_TYPE = YES_ERROR;
				GCC_WARN_UNDECLARED_SELECTOR = YES;
				GCC_WARN_UNINITIALIZED_AUTOS = YES_AGGRESSIVE;
				GCC_WARN_UNUSED_FUNCTION = YES;
				GCC_WARN_UNUSED_VARIABLE = YES;
				IPHONEOS_DEPLOYMENT_TARGET = 11.4;
				MTL_ENABLE_DEBUG_INFO = YES;
				ONLY_ACTIVE_ARCH = YES;
				SDKROOT = iphoneos;
				SWIFT_ACTIVE_COMPILATION_CONDITIONS = DEBUG;
				SWIFT_OPTIMIZATION_LEVEL = "-Onone";
			};
			name = Debug;
		};
		3D2851E828DCB16F00DC51AA /* Release */ = {
			isa = XCBuildConfiguration;
			buildSettings = {
				ALWAYS_SEARCH_USER_PATHS = NO;
				CLANG_ANALYZER_NONNULL = YES;
				CLANG_ANALYZER_NUMBER_OBJECT_CONVERSION = YES_AGGRESSIVE;
				CLANG_CXX_LANGUAGE_STANDARD = "gnu++14";
				CLANG_CXX_LIBRARY = "libc++";
				CLANG_ENABLE_MODULES = YES;
				CLANG_ENABLE_OBJC_ARC = YES;
				CLANG_ENABLE_OBJC_WEAK = YES;
				CLANG_WARN_BLOCK_CAPTURE_AUTORELEASING = YES;
				CLANG_WARN_BOOL_CONVERSION = YES;
				CLANG_WARN_COMMA = YES;
				CLANG_WARN_CONSTANT_CONVERSION = YES;
				CLANG_WARN_DEPRECATED_OBJC_IMPLEMENTATIONS = YES;
				CLANG_WARN_DIRECT_OBJC_ISA_USAGE = YES_ERROR;
				CLANG_WARN_DOCUMENTATION_COMMENTS = YES;
				CLANG_WARN_EMPTY_BODY = YES;
				CLANG_WARN_ENUM_CONVERSION = YES;
				CLANG_WARN_INFINITE_RECURSION = YES;
				CLANG_WARN_INT_CONVERSION = YES;
				CLANG_WARN_NON_LITERAL_NULL_CONVERSION = YES;
				CLANG_WARN_OBJC_IMPLICIT_RETAIN_SELF = YES;
				CLANG_WARN_OBJC_LITERAL_CONVERSION = YES;
				CLANG_WARN_OBJC_ROOT_CLASS = YES_ERROR;
				CLANG_WARN_RANGE_LOOP_ANALYSIS = YES;
				CLANG_WARN_STRICT_PROTOTYPES = YES;
				CLANG_WARN_SUSPICIOUS_MOVE = YES;
				CLANG_WARN_UNGUARDED_AVAILABILITY = YES_AGGRESSIVE;
				CLANG_WARN_UNREACHABLE_CODE = YES;
				CLANG_WARN__DUPLICATE_METHOD_MATCH = YES;
				CODE_SIGN_IDENTITY = "iPhone Developer";
				COPY_PHASE_STRIP = NO;
				DEBUG_INFORMATION_FORMAT = "dwarf-with-dsym";
				ENABLE_NS_ASSERTIONS = NO;
				ENABLE_STRICT_OBJC_MSGSEND = YES;
				GCC_C_LANGUAGE_STANDARD = gnu11;
				GCC_NO_COMMON_BLOCKS = YES;
				GCC_WARN_64_TO_32_BIT_CONVERSION = YES;
				GCC_WARN_ABOUT_RETURN_TYPE = YES_ERROR;
				GCC_WARN_UNDECLARED_SELECTOR = YES;
				GCC_WARN_UNINITIALIZED_AUTOS = YES_AGGRESSIVE;
				GCC_WARN_UNUSED_FUNCTION = YES;
				GCC_WARN_UNUSED_VARIABLE = YES;
				IPHONEOS_DEPLOYMENT_TARGET = 11.4;
				MTL_ENABLE_DEBUG_INFO = NO;
				SDKROOT = iphoneos;
				SWIFT_COMPILATION_MODE = wholemodule;
				SWIFT_OPTIMIZATION_LEVEL = "-O";
				VALIDATE_PRODUCT = YES;
			};
			name = Release;
		};
		3D2851EA28DCB16F00DC51AA /* Debug */ = {
			isa = XCBuildConfiguration;
			buildSettings = {
				ASSETCATALOG_COMPILER_APPICON_NAME = AppIcon;
				CODE_SIGN_STYLE = Automatic;
				INFOPLIST_FILE = "EjNavigation Controller/Info.plist";
				LD_RUNPATH_SEARCH_PATHS = (
					"$(inherited)",
					"@executable_path/Frameworks",
				);
				PRODUCT_BUNDLE_IDENTIFIER = "edu.ulsa.EjNavigation-Controller";
				PRODUCT_NAME = "$(TARGET_NAME)";
				SWIFT_VERSION = 4.0;
				TARGETED_DEVICE_FAMILY = "1,2";
			};
			name = Debug;
		};
		3D2851EB28DCB16F00DC51AA /* Release */ = {
			isa = XCBuildConfiguration;
			buildSettings = {
				ASSETCATALOG_COMPILER_APPICON_NAME = AppIcon;
				CODE_SIGN_STYLE = Automatic;
				INFOPLIST_FILE = "EjNavigation Controller/Info.plist";
				LD_RUNPATH_SEARCH_PATHS = (
					"$(inherited)",
					"@executable_path/Frameworks",
				);
				PRODUCT_BUNDLE_IDENTIFIER = "edu.ulsa.EjNavigation-Controller";
				PRODUCT_NAME = "$(TARGET_NAME)";
				SWIFT_VERSION = 4.0;
				TARGETED_DEVICE_FAMILY = "1,2";
			};
			name = Release;
		};
/* End XCBuildConfiguration section */

/* Begin XCConfigurationList section */
		3D2851D228DCB16D00DC51AA /* Build configuration list for PBXProject "EjNavigation Controller" */ = {
			isa = XCConfigurationList;
			buildConfigurations = (
				3D2851E728DCB16F00DC51AA /* Debug */,
				3D2851E828DCB16F00DC51AA /* Release */,
			);
			defaultConfigurationIsVisible = 0;
			defaultConfigurationName = Release;
		};
		3D2851E928DCB16F00DC51AA /* Build configuration list for PBXNativeTarget "EjNavigation Controller" */ = {
			isa = XCConfigurationList;
			buildConfigurations = (
				3D2851EA28DCB16F00DC51AA /* Debug */,
				3D2851EB28DCB16F00DC51AA /* Release */,
			);
			defaultConfigurationIsVisible = 0;
			defaultConfigurationName = Release;
		};
/* End XCConfigurationList section */
	};
	rootObject = 3D2851CF28DCB16D00DC51AA /* Project object */;
}
